// !$*UTF8*$!
{
	archiveVersion = 1;
	classes = {
	};
	objectVersion = 56;
	objects = {

/* Begin PBXBuildFile section */
		3220768A298A6C7E00C9BDDE /* CommentoonApp.swift in Sources */ = {isa = PBXBuildFile; fileRef = 32207689298A6C7E00C9BDDE /* CommentoonApp.swift */; };
		3220768C298A6C7E00C9BDDE /* ContentView.swift in Sources */ = {isa = PBXBuildFile; fileRef = 3220768B298A6C7E00C9BDDE /* ContentView.swift */; };
		3220768E298A6C7F00C9BDDE /* Assets.xcassets in Resources */ = {isa = PBXBuildFile; fileRef = 3220768D298A6C7F00C9BDDE /* Assets.xcassets */; };
		32207691298A6C7F00C9BDDE /* Preview Assets.xcassets in Resources */ = {isa = PBXBuildFile; fileRef = 32207690298A6C7F00C9BDDE /* Preview Assets.xcassets */; };
		32207699298A72C000C9BDDE /* SplashView.swift in Sources */ = {isa = PBXBuildFile; fileRef = 32207698298A72C000C9BDDE /* SplashView.swift */; };
		322076A1298A7DD000C9BDDE /* HomeView.swift in Sources */ = {isa = PBXBuildFile; fileRef = 322076A0298A7DD000C9BDDE /* HomeView.swift */; };
		322076A6298A7E4E00C9BDDE /* RankingView.swift in Sources */ = {isa = PBXBuildFile; fileRef = 322076A5298A7E4E00C9BDDE /* RankingView.swift */; };
		322076A8298A7E5400C9BDDE /* SearchView.swift in Sources */ = {isa = PBXBuildFile; fileRef = 322076A7298A7E5400C9BDDE /* SearchView.swift */; };
		322076AA298A7E5B00C9BDDE /* MyView.swift in Sources */ = {isa = PBXBuildFile; fileRef = 322076A9298A7E5B00C9BDDE /* MyView.swift */; };
		322076AD298A805300C9BDDE /* Image.xcassets in Resources */ = {isa = PBXBuildFile; fileRef = 322076AC298A805300C9BDDE /* Image.xcassets */; };
		322076AF298AB92D00C9BDDE /* Color.xcassets in Resources */ = {isa = PBXBuildFile; fileRef = 322076AE298AB92D00C9BDDE /* Color.xcassets */; };
		3230BF932A33119600C90002 /* DetailWorkScoreSectionHeaderView.swift in Sources */ = {isa = PBXBuildFile; fileRef = 3230BF922A33119600C90002 /* DetailWorkScoreSectionHeaderView.swift */; };
		3230BF952A33131F00C90002 /* DetailWorkScoreSection.swift in Sources */ = {isa = PBXBuildFile; fileRef = 3230BF942A33131F00C90002 /* DetailWorkScoreSection.swift */; };
		3230BF972A3315FC00C90002 /* StarRatingView.swift in Sources */ = {isa = PBXBuildFile; fileRef = 3230BF962A3315FC00C90002 /* StarRatingView.swift */; };
		3230BF992A33228800C90002 /* GraphView.swift in Sources */ = {isa = PBXBuildFile; fileRef = 3230BF982A33228800C90002 /* GraphView.swift */; };
		323ECEBF2A41A78D00E3650A /* DetailWorkViewModel.swift in Sources */ = {isa = PBXBuildFile; fileRef = 323ECEBE2A41A78D00E3650A /* DetailWorkViewModel.swift */; };
		323ECEC32A41A8B700E3650A /* ProductModel.swift in Sources */ = {isa = PBXBuildFile; fileRef = 323ECEC22A41A8B700E3650A /* ProductModel.swift */; };
		324232AD2A0B8AF0009A0245 /* CommonSectionHeaderView.swift in Sources */ = {isa = PBXBuildFile; fileRef = 324232AC2A0B8AF0009A0245 /* CommonSectionHeaderView.swift */; };
		324232B02A0B8E8B009A0245 /* MyReviewSection.swift in Sources */ = {isa = PBXBuildFile; fileRef = 324232AF2A0B8E8B009A0245 /* MyReviewSection.swift */; };
		324232B22A0B8EA5009A0245 /* MyReviewItemView.swift in Sources */ = {isa = PBXBuildFile; fileRef = 324232B12A0B8EA5009A0245 /* MyReviewItemView.swift */; };
		325B473C2A39FB2D00B7934C /* DetailWorkReviewItemView.swift in Sources */ = {isa = PBXBuildFile; fileRef = 325B473B2A39FB2D00B7934C /* DetailWorkReviewItemView.swift */; };
		325B473E2A3A06C500B7934C /* DetailWorkMyReviewTitleView.swift in Sources */ = {isa = PBXBuildFile; fileRef = 325B473D2A3A06C500B7934C /* DetailWorkMyReviewTitleView.swift */; };
		3293F1682A4C18860052499E /* DetailReviewView.swift in Sources */ = {isa = PBXBuildFile; fileRef = 3293F1672A4C18860052499E /* DetailReviewView.swift */; };
		3293F16B2A4C19170052499E /* DetailReviewReviewItemView.swift in Sources */ = {isa = PBXBuildFile; fileRef = 3293F16A2A4C19170052499E /* DetailReviewReviewItemView.swift */; };
		3293F16F2A4C19770052499E /* DetailReviewCommentItemView.swift in Sources */ = {isa = PBXBuildFile; fileRef = 3293F16E2A4C19770052499E /* DetailReviewCommentItemView.swift */; };
		32996BF22A1470D200684DA5 /* DetailWorkView.swift in Sources */ = {isa = PBXBuildFile; fileRef = 32996BF12A1470D200684DA5 /* DetailWorkView.swift */; };
		32996BF62A14A3CA00684DA5 /* Asset+Generated.swift in Sources */ = {isa = PBXBuildFile; fileRef = 32996BF52A14A3CA00684DA5 /* Asset+Generated.swift */; };
		32996BFA2A14CBE900684DA5 /* DetailWorkHeaderSection.swift in Sources */ = {isa = PBXBuildFile; fileRef = 32996BF92A14CBE900684DA5 /* DetailWorkHeaderSection.swift */; };
		32A4EF682A30A16D00A289BE /* APIManager.swift in Sources */ = {isa = PBXBuildFile; fileRef = 32A4EF672A30A16D00A289BE /* APIManager.swift */; };
		32A4EF6A2A30A28C00A289BE /* APIList.plist in Resources */ = {isa = PBXBuildFile; fileRef = 32A4EF692A30A28C00A289BE /* APIList.plist */; };
		32B225842A42BD5700C649D4 /* KFImageView.swift in Sources */ = {isa = PBXBuildFile; fileRef = 32B225832A42BD5700C649D4 /* KFImageView.swift */; };
		32B225892A42E86A00C649D4 /* LoginView.swift in Sources */ = {isa = PBXBuildFile; fileRef = 32B225882A42E86A00C649D4 /* LoginView.swift */; };
		32B2258B2A42E93C00C649D4 /* KakaoLoginButton.swift in Sources */ = {isa = PBXBuildFile; fileRef = 32B2258A2A42E93C00C649D4 /* KakaoLoginButton.swift */; };
		32B97A4029CFD5700003AE29 /* TabbarView.swift in Sources */ = {isa = PBXBuildFile; fileRef = 32B97A3F29CFD5700003AE29 /* TabbarView.swift */; };
		32B97A4229CFDB9A0003AE29 /* Color.swift in Sources */ = {isa = PBXBuildFile; fileRef = 32B97A4129CFDB9A0003AE29 /* Color.swift */; };
		32B97A4529CFF6C00003AE29 /* KeyWindow+.swift in Sources */ = {isa = PBXBuildFile; fileRef = 32B97A4429CFF6C00003AE29 /* KeyWindow+.swift */; };
		32B97A4729D001750003AE29 /* HomeHeaderSection.swift in Sources */ = {isa = PBXBuildFile; fileRef = 32B97A4629D001750003AE29 /* HomeHeaderSection.swift */; };
		32CE729429D0348000B8C56E /* HomeContentsSection.swift in Sources */ = {isa = PBXBuildFile; fileRef = 32CE729329D0348000B8C56E /* HomeContentsSection.swift */; };
		32CE729629D034A700B8C56E /* HomeContentsItemView.swift in Sources */ = {isa = PBXBuildFile; fileRef = 32CE729529D034A700B8C56E /* HomeContentsItemView.swift */; };
		32E6890529E6838900050D1A /* RankingHeaderSection.swift in Sources */ = {isa = PBXBuildFile; fileRef = 32E6890429E6838900050D1A /* RankingHeaderSection.swift */; };
		32E6890729E6870800050D1A /* RankingContentsSection.swift in Sources */ = {isa = PBXBuildFile; fileRef = 32E6890629E6870800050D1A /* RankingContentsSection.swift */; };
		32F5636E2A078D59009EAF0A /* MyHeaderSection.swift in Sources */ = {isa = PBXBuildFile; fileRef = 32F5636D2A078D59009EAF0A /* MyHeaderSection.swift */; };
		32F563702A07B3D7009EAF0A /* MyHeaderGenreView.swift in Sources */ = {isa = PBXBuildFile; fileRef = 32F5636F2A07B3D7009EAF0A /* MyHeaderGenreView.swift */; };
		32FD19A92A517A67007398EA /* DetailReviewViewModel.swift in Sources */ = {isa = PBXBuildFile; fileRef = 32FD19A82A517A67007398EA /* DetailReviewViewModel.swift */; };
		32FD19AC2A517B48007398EA /* ReviewListModel.swift in Sources */ = {isa = PBXBuildFile; fileRef = 32FD19AB2A517B48007398EA /* ReviewListModel.swift */; };
		41E51734A75E35052B8B25CE /* Pods_Commentoon.framework in Frameworks */ = {isa = PBXBuildFile; fileRef = F0752B8B7C79CAC9193A9E3F /* Pods_Commentoon.framework */; };
/* End PBXBuildFile section */

/* Begin PBXFileReference section */
		15E6A71CA424340A73E52CE0 /* Pods-Commentoon.release.xcconfig */ = {isa = PBXFileReference; includeInIndex = 1; lastKnownFileType = text.xcconfig; name = "Pods-Commentoon.release.xcconfig"; path = "Target Support Files/Pods-Commentoon/Pods-Commentoon.release.xcconfig"; sourceTree = "<group>"; };
		190060999163E71BA7A15661 /* Pods-Commentoon.debug.xcconfig */ = {isa = PBXFileReference; includeInIndex = 1; lastKnownFileType = text.xcconfig; name = "Pods-Commentoon.debug.xcconfig"; path = "Target Support Files/Pods-Commentoon/Pods-Commentoon.debug.xcconfig"; sourceTree = "<group>"; };
		32207686298A6C7E00C9BDDE /* Commentoon.app */ = {isa = PBXFileReference; explicitFileType = wrapper.application; includeInIndex = 0; path = Commentoon.app; sourceTree = BUILT_PRODUCTS_DIR; };
		32207689298A6C7E00C9BDDE /* CommentoonApp.swift */ = {isa = PBXFileReference; lastKnownFileType = sourcecode.swift; path = CommentoonApp.swift; sourceTree = "<group>"; };
		3220768B298A6C7E00C9BDDE /* ContentView.swift */ = {isa = PBXFileReference; lastKnownFileType = sourcecode.swift; path = ContentView.swift; sourceTree = "<group>"; };
		3220768D298A6C7F00C9BDDE /* Assets.xcassets */ = {isa = PBXFileReference; lastKnownFileType = folder.assetcatalog; path = Assets.xcassets; sourceTree = "<group>"; };
		32207690298A6C7F00C9BDDE /* Preview Assets.xcassets */ = {isa = PBXFileReference; lastKnownFileType = folder.assetcatalog; path = "Preview Assets.xcassets"; sourceTree = "<group>"; };
		32207698298A72C000C9BDDE /* SplashView.swift */ = {isa = PBXFileReference; lastKnownFileType = sourcecode.swift; path = SplashView.swift; sourceTree = "<group>"; };
		322076A0298A7DD000C9BDDE /* HomeView.swift */ = {isa = PBXFileReference; lastKnownFileType = sourcecode.swift; path = HomeView.swift; sourceTree = "<group>"; };
		322076A5298A7E4E00C9BDDE /* RankingView.swift */ = {isa = PBXFileReference; lastKnownFileType = sourcecode.swift; path = RankingView.swift; sourceTree = "<group>"; };
		322076A7298A7E5400C9BDDE /* SearchView.swift */ = {isa = PBXFileReference; lastKnownFileType = sourcecode.swift; path = SearchView.swift; sourceTree = "<group>"; };
		322076A9298A7E5B00C9BDDE /* MyView.swift */ = {isa = PBXFileReference; lastKnownFileType = sourcecode.swift; path = MyView.swift; sourceTree = "<group>"; };
		322076AC298A805300C9BDDE /* Image.xcassets */ = {isa = PBXFileReference; lastKnownFileType = folder.assetcatalog; path = Image.xcassets; sourceTree = "<group>"; };
		322076AE298AB92D00C9BDDE /* Color.xcassets */ = {isa = PBXFileReference; lastKnownFileType = folder.assetcatalog; path = Color.xcassets; sourceTree = "<group>"; };
		3230BF922A33119600C90002 /* DetailWorkScoreSectionHeaderView.swift */ = {isa = PBXFileReference; lastKnownFileType = sourcecode.swift; path = DetailWorkScoreSectionHeaderView.swift; sourceTree = "<group>"; };
		3230BF942A33131F00C90002 /* DetailWorkScoreSection.swift */ = {isa = PBXFileReference; lastKnownFileType = sourcecode.swift; path = DetailWorkScoreSection.swift; sourceTree = "<group>"; };
		3230BF962A3315FC00C90002 /* StarRatingView.swift */ = {isa = PBXFileReference; lastKnownFileType = sourcecode.swift; path = StarRatingView.swift; sourceTree = "<group>"; };
		3230BF982A33228800C90002 /* GraphView.swift */ = {isa = PBXFileReference; lastKnownFileType = sourcecode.swift; path = GraphView.swift; sourceTree = "<group>"; };
		323ECEBE2A41A78D00E3650A /* DetailWorkViewModel.swift */ = {isa = PBXFileReference; lastKnownFileType = sourcecode.swift; path = DetailWorkViewModel.swift; sourceTree = "<group>"; };
		323ECEC22A41A8B700E3650A /* ProductModel.swift */ = {isa = PBXFileReference; lastKnownFileType = sourcecode.swift; path = ProductModel.swift; sourceTree = "<group>"; };
		324232AC2A0B8AF0009A0245 /* CommonSectionHeaderView.swift */ = {isa = PBXFileReference; lastKnownFileType = sourcecode.swift; path = CommonSectionHeaderView.swift; sourceTree = "<group>"; };
		324232AF2A0B8E8B009A0245 /* MyReviewSection.swift */ = {isa = PBXFileReference; lastKnownFileType = sourcecode.swift; path = MyReviewSection.swift; sourceTree = "<group>"; };
		324232B12A0B8EA5009A0245 /* MyReviewItemView.swift */ = {isa = PBXFileReference; lastKnownFileType = sourcecode.swift; path = MyReviewItemView.swift; sourceTree = "<group>"; };
		325B473B2A39FB2D00B7934C /* DetailWorkReviewItemView.swift */ = {isa = PBXFileReference; lastKnownFileType = sourcecode.swift; path = DetailWorkReviewItemView.swift; sourceTree = "<group>"; };
		325B473D2A3A06C500B7934C /* DetailWorkMyReviewTitleView.swift */ = {isa = PBXFileReference; lastKnownFileType = sourcecode.swift; path = DetailWorkMyReviewTitleView.swift; sourceTree = "<group>"; };
		3293F1672A4C18860052499E /* DetailReviewView.swift */ = {isa = PBXFileReference; lastKnownFileType = sourcecode.swift; path = DetailReviewView.swift; sourceTree = "<group>"; };
		3293F16A2A4C19170052499E /* DetailReviewReviewItemView.swift */ = {isa = PBXFileReference; lastKnownFileType = sourcecode.swift; path = DetailReviewReviewItemView.swift; sourceTree = "<group>"; };
		3293F16E2A4C19770052499E /* DetailReviewCommentItemView.swift */ = {isa = PBXFileReference; lastKnownFileType = sourcecode.swift; path = DetailReviewCommentItemView.swift; sourceTree = "<group>"; };
		32996BF12A1470D200684DA5 /* DetailWorkView.swift */ = {isa = PBXFileReference; lastKnownFileType = sourcecode.swift; path = DetailWorkView.swift; sourceTree = "<group>"; };
		32996BF52A14A3CA00684DA5 /* Asset+Generated.swift */ = {isa = PBXFileReference; lastKnownFileType = sourcecode.swift; path = "Asset+Generated.swift"; sourceTree = "<group>"; };
		32996BF92A14CBE900684DA5 /* DetailWorkHeaderSection.swift */ = {isa = PBXFileReference; lastKnownFileType = sourcecode.swift; path = DetailWorkHeaderSection.swift; sourceTree = "<group>"; };
		32A4EF672A30A16D00A289BE /* APIManager.swift */ = {isa = PBXFileReference; lastKnownFileType = sourcecode.swift; path = APIManager.swift; sourceTree = "<group>"; };
		32A4EF692A30A28C00A289BE /* APIList.plist */ = {isa = PBXFileReference; lastKnownFileType = text.plist.xml; path = APIList.plist; sourceTree = "<group>"; };
		32B225832A42BD5700C649D4 /* KFImageView.swift */ = {isa = PBXFileReference; lastKnownFileType = sourcecode.swift; path = KFImageView.swift; sourceTree = "<group>"; };
		32B225852A42E6A200C649D4 /* Info.plist */ = {isa = PBXFileReference; lastKnownFileType = text.plist; path = Info.plist; sourceTree = "<group>"; };
		32B225882A42E86A00C649D4 /* LoginView.swift */ = {isa = PBXFileReference; lastKnownFileType = sourcecode.swift; path = LoginView.swift; sourceTree = "<group>"; };
		32B2258A2A42E93C00C649D4 /* KakaoLoginButton.swift */ = {isa = PBXFileReference; lastKnownFileType = sourcecode.swift; path = KakaoLoginButton.swift; sourceTree = "<group>"; };
		32B97A3F29CFD5700003AE29 /* TabbarView.swift */ = {isa = PBXFileReference; lastKnownFileType = sourcecode.swift; path = TabbarView.swift; sourceTree = "<group>"; };
		32B97A4129CFDB9A0003AE29 /* Color.swift */ = {isa = PBXFileReference; lastKnownFileType = sourcecode.swift; path = Color.swift; sourceTree = "<group>"; };
		32B97A4429CFF6C00003AE29 /* KeyWindow+.swift */ = {isa = PBXFileReference; lastKnownFileType = sourcecode.swift; path = "KeyWindow+.swift"; sourceTree = "<group>"; };
		32B97A4629D001750003AE29 /* HomeHeaderSection.swift */ = {isa = PBXFileReference; lastKnownFileType = sourcecode.swift; path = HomeHeaderSection.swift; sourceTree = "<group>"; };
		32CE729329D0348000B8C56E /* HomeContentsSection.swift */ = {isa = PBXFileReference; lastKnownFileType = sourcecode.swift; path = HomeContentsSection.swift; sourceTree = "<group>"; };
		32CE729529D034A700B8C56E /* HomeContentsItemView.swift */ = {isa = PBXFileReference; lastKnownFileType = sourcecode.swift; path = HomeContentsItemView.swift; sourceTree = "<group>"; };
		32E6890429E6838900050D1A /* RankingHeaderSection.swift */ = {isa = PBXFileReference; lastKnownFileType = sourcecode.swift; path = RankingHeaderSection.swift; sourceTree = "<group>"; };
		32E6890629E6870800050D1A /* RankingContentsSection.swift */ = {isa = PBXFileReference; lastKnownFileType = sourcecode.swift; path = RankingContentsSection.swift; sourceTree = "<group>"; };
		32F5636D2A078D59009EAF0A /* MyHeaderSection.swift */ = {isa = PBXFileReference; lastKnownFileType = sourcecode.swift; path = MyHeaderSection.swift; sourceTree = "<group>"; };
		32F5636F2A07B3D7009EAF0A /* MyHeaderGenreView.swift */ = {isa = PBXFileReference; lastKnownFileType = sourcecode.swift; path = MyHeaderGenreView.swift; sourceTree = "<group>"; };
		32FD19A82A517A67007398EA /* DetailReviewViewModel.swift */ = {isa = PBXFileReference; lastKnownFileType = sourcecode.swift; path = DetailReviewViewModel.swift; sourceTree = "<group>"; };
		32FD19AB2A517B48007398EA /* ReviewListModel.swift */ = {isa = PBXFileReference; lastKnownFileType = sourcecode.swift; path = ReviewListModel.swift; sourceTree = "<group>"; };
		F0752B8B7C79CAC9193A9E3F /* Pods_Commentoon.framework */ = {isa = PBXFileReference; explicitFileType = wrapper.framework; includeInIndex = 0; path = Pods_Commentoon.framework; sourceTree = BUILT_PRODUCTS_DIR; };
/* End PBXFileReference section */

/* Begin PBXFrameworksBuildPhase section */
		32207683298A6C7E00C9BDDE /* Frameworks */ = {
			isa = PBXFrameworksBuildPhase;
			buildActionMask = 2147483647;
			files = (
				41E51734A75E35052B8B25CE /* Pods_Commentoon.framework in Frameworks */,
			);
			runOnlyForDeploymentPostprocessing = 0;
		};
/* End PBXFrameworksBuildPhase section */

/* Begin PBXGroup section */
		3220767D298A6C7E00C9BDDE = {
			isa = PBXGroup;
			children = (
				32207688298A6C7E00C9BDDE /* Commentoon */,
				32207687298A6C7E00C9BDDE /* Products */,
				C11FB373E6E14F418F56AC36 /* Pods */,
				8C05725E0BB6370BAF241FBE /* Frameworks */,
			);
			sourceTree = "<group>";
		};
		32207687298A6C7E00C9BDDE /* Products */ = {
			isa = PBXGroup;
			children = (
				32207686298A6C7E00C9BDDE /* Commentoon.app */,
			);
			name = Products;
			sourceTree = "<group>";
		};
		32207688298A6C7E00C9BDDE /* Commentoon */ = {
			isa = PBXGroup;
			children = (
				32B225852A42E6A200C649D4 /* Info.plist */,
				32B225872A42E84200C649D4 /* Screen */,
				32A4EF662A30A16500A289BE /* API */,
				32B97A4329CFF6A20003AE29 /* Common */,
				322076AB298A801D00C9BDDE /* Resource */,
				32207689298A6C7E00C9BDDE /* CommentoonApp.swift */,
				3220768B298A6C7E00C9BDDE /* ContentView.swift */,
				3220768D298A6C7F00C9BDDE /* Assets.xcassets */,
				3220768F298A6C7F00C9BDDE /* Preview Content */,
			);
			path = Commentoon;
			sourceTree = "<group>";
		};
		3220768F298A6C7F00C9BDDE /* Preview Content */ = {
			isa = PBXGroup;
			children = (
				32207690298A6C7F00C9BDDE /* Preview Assets.xcassets */,
			);
			path = "Preview Content";
			sourceTree = "<group>";
		};
		32207697298A729600C9BDDE /* Splash */ = {
			isa = PBXGroup;
			children = (
				32207698298A72C000C9BDDE /* SplashView.swift */,
			);
			path = Splash;
			sourceTree = "<group>";
		};
		3220769A298A7B9500C9BDDE /* Root */ = {
			isa = PBXGroup;
			children = (
				32B97A3F29CFD5700003AE29 /* TabbarView.swift */,
			);
			path = Root;
			sourceTree = "<group>";
		};
		3220769E298A7DA600C9BDDE /* Main */ = {
			isa = PBXGroup;
			children = (
				3220769F298A7DC700C9BDDE /* Home */,
				322076A2298A7DD500C9BDDE /* Ranking */,
				322076A3298A7DF700C9BDDE /* Search */,
				322076A4298A7E0100C9BDDE /* My */,
			);
			path = Main;
			sourceTree = "<group>";
		};
		3220769F298A7DC700C9BDDE /* Home */ = {
			isa = PBXGroup;
			children = (
				32F4833A29B631A50015C904 /* Section */,
				322076A0298A7DD000C9BDDE /* HomeView.swift */,
			);
			path = Home;
			sourceTree = "<group>";
		};
		322076A2298A7DD500C9BDDE /* Ranking */ = {
			isa = PBXGroup;
			children = (
				32E6890129E6836500050D1A /* Section */,
				322076A5298A7E4E00C9BDDE /* RankingView.swift */,
			);
			path = Ranking;
			sourceTree = "<group>";
		};
		322076A3298A7DF700C9BDDE /* Search */ = {
			isa = PBXGroup;
			children = (
				322076A7298A7E5400C9BDDE /* SearchView.swift */,
			);
			path = Search;
			sourceTree = "<group>";
		};
		322076A4298A7E0100C9BDDE /* My */ = {
			isa = PBXGroup;
			children = (
				32F5636B2A078D1D009EAF0A /* Section */,
				322076A9298A7E5B00C9BDDE /* MyView.swift */,
			);
			path = My;
			sourceTree = "<group>";
		};
		322076AB298A801D00C9BDDE /* Resource */ = {
			isa = PBXGroup;
			children = (
				32996BF42A149F8C00684DA5 /* Generated */,
				322076AC298A805300C9BDDE /* Image.xcassets */,
				322076AE298AB92D00C9BDDE /* Color.xcassets */,
				32B97A4129CFDB9A0003AE29 /* Color.swift */,
			);
			path = Resource;
			sourceTree = "<group>";
		};
		3230BF912A33117F00C90002 /* Score */ = {
			isa = PBXGroup;
			children = (
				3230BF922A33119600C90002 /* DetailWorkScoreSectionHeaderView.swift */,
				3230BF942A33131F00C90002 /* DetailWorkScoreSection.swift */,
				3230BF962A3315FC00C90002 /* StarRatingView.swift */,
				3230BF982A33228800C90002 /* GraphView.swift */,
			);
			path = Score;
			sourceTree = "<group>";
		};
		323ECEBD2A41A78000E3650A /* ViewModel */ = {
			isa = PBXGroup;
			children = (
				323ECEBE2A41A78D00E3650A /* DetailWorkViewModel.swift */,
			);
			path = ViewModel;
			sourceTree = "<group>";
		};
		323ECEC02A41A8A700E3650A /* Model */ = {
			isa = PBXGroup;
			children = (
				32FD19AA2A517B3E007398EA /* Review */,
				323ECEC12A41A8AE00E3650A /* Product */,
			);
			path = Model;
			sourceTree = "<group>";
		};
		323ECEC12A41A8AE00E3650A /* Product */ = {
			isa = PBXGroup;
			children = (
				323ECEC22A41A8B700E3650A /* ProductModel.swift */,
			);
			path = Product;
			sourceTree = "<group>";
		};
		324232AE2A0B8E7F009A0245 /* Review */ = {
			isa = PBXGroup;
			children = (
				324232AF2A0B8E8B009A0245 /* MyReviewSection.swift */,
				324232B12A0B8EA5009A0245 /* MyReviewItemView.swift */,
			);
			path = Review;
			sourceTree = "<group>";
		};
		325B47392A39FB0000B7934C /* Review */ = {
			isa = PBXGroup;
			children = (
				325B473A2A39FB0B00B7934C /* Item */,
				325B473D2A3A06C500B7934C /* DetailWorkMyReviewTitleView.swift */,
			);
			path = Review;
			sourceTree = "<group>";
		};
		325B473A2A39FB0B00B7934C /* Item */ = {
			isa = PBXGroup;
			children = (
				325B473B2A39FB2D00B7934C /* DetailWorkReviewItemView.swift */,
			);
			path = Item;
			sourceTree = "<group>";
		};
		3293F1662A4C18360052499E /* Review */ = {
			isa = PBXGroup;
			children = (
				32FD19A72A517A22007398EA /* ViewModel */,
				3293F1692A4C18FF0052499E /* Section */,
				3293F1672A4C18860052499E /* DetailReviewView.swift */,
			);
			path = Review;
			sourceTree = "<group>";
		};
		3293F1692A4C18FF0052499E /* Section */ = {
			isa = PBXGroup;
			children = (
				3293F16D2A4C19650052499E /* Comment */,
				3293F16C2A4C195D0052499E /* Review */,
			);
			path = Section;
			sourceTree = "<group>";
		};
		3293F16C2A4C195D0052499E /* Review */ = {
			isa = PBXGroup;
			children = (
				3293F16A2A4C19170052499E /* DetailReviewReviewItemView.swift */,
			);
			path = Review;
			sourceTree = "<group>";
		};
		3293F16D2A4C19650052499E /* Comment */ = {
			isa = PBXGroup;
			children = (
				3293F16E2A4C19770052499E /* DetailReviewCommentItemView.swift */,
			);
			path = Comment;
			sourceTree = "<group>";
		};
		32996BF02A14709400684DA5 /* Work */ = {
			isa = PBXGroup;
			children = (
				323ECEBD2A41A78000E3650A /* ViewModel */,
				32996BFB2A14CBF000684DA5 /* Section */,
				32996BF12A1470D200684DA5 /* DetailWorkView.swift */,
			);
			path = Work;
			sourceTree = "<group>";
		};
		32996BF42A149F8C00684DA5 /* Generated */ = {
			isa = PBXGroup;
			children = (
				32996BF52A14A3CA00684DA5 /* Asset+Generated.swift */,
			);
			path = Generated;
			sourceTree = "<group>";
		};
		32996BFB2A14CBF000684DA5 /* Section */ = {
			isa = PBXGroup;
			children = (
				325B47392A39FB0000B7934C /* Review */,
				3230BF912A33117F00C90002 /* Score */,
				32996BFC2A14CBF900684DA5 /* Header */,
			);
			path = Section;
			sourceTree = "<group>";
		};
		32996BFC2A14CBF900684DA5 /* Header */ = {
			isa = PBXGroup;
			children = (
				32996BF92A14CBE900684DA5 /* DetailWorkHeaderSection.swift */,
			);
			path = Header;
			sourceTree = "<group>";
		};
		32A4EF652A30A12700A289BE /* Detail */ = {
			isa = PBXGroup;
			children = (
				3293F1662A4C18360052499E /* Review */,
				32996BF02A14709400684DA5 /* Work */,
			);
			path = Detail;
			sourceTree = "<group>";
		};
		32A4EF662A30A16500A289BE /* API */ = {
			isa = PBXGroup;
			children = (
				323ECEC02A41A8A700E3650A /* Model */,
				32A4EF672A30A16D00A289BE /* APIManager.swift */,
				32A4EF692A30A28C00A289BE /* APIList.plist */,
			);
			path = API;
			sourceTree = "<group>";
		};
		32B225812A42BD0600C649D4 /* View */ = {
			isa = PBXGroup;
			children = (
				324232AC2A0B8AF0009A0245 /* CommonSectionHeaderView.swift */,
				32B225832A42BD5700C649D4 /* KFImageView.swift */,
			);
			path = View;
			sourceTree = "<group>";
		};
		32B225862A42E82D00C649D4 /* Login */ = {
			isa = PBXGroup;
			children = (
				32B225882A42E86A00C649D4 /* LoginView.swift */,
				32B2258A2A42E93C00C649D4 /* KakaoLoginButton.swift */,
			);
			path = Login;
			sourceTree = "<group>";
		};
		32B225872A42E84200C649D4 /* Screen */ = {
			isa = PBXGroup;
			children = (
				32B225862A42E82D00C649D4 /* Login */,
				32A4EF652A30A12700A289BE /* Detail */,
				3220769E298A7DA600C9BDDE /* Main */,
				3220769A298A7B9500C9BDDE /* Root */,
				32207697298A729600C9BDDE /* Splash */,
			);
			path = Screen;
			sourceTree = "<group>";
		};
		32B97A4329CFF6A20003AE29 /* Common */ = {
			isa = PBXGroup;
			children = (
				32B225812A42BD0600C649D4 /* View */,
				32B97A4429CFF6C00003AE29 /* KeyWindow+.swift */,
			);
			path = Common;
			sourceTree = "<group>";
		};
		32CE729129D0344700B8C56E /* Header */ = {
			isa = PBXGroup;
			children = (
				32B97A4629D001750003AE29 /* HomeHeaderSection.swift */,
			);
			path = Header;
			sourceTree = "<group>";
		};
		32CE729229D0345C00B8C56E /* Contents */ = {
			isa = PBXGroup;
			children = (
				32CE729329D0348000B8C56E /* HomeContentsSection.swift */,
				32CE729529D034A700B8C56E /* HomeContentsItemView.swift */,
			);
			path = Contents;
			sourceTree = "<group>";
		};
		32E6890129E6836500050D1A /* Section */ = {
			isa = PBXGroup;
			children = (
				32E6890329E6837400050D1A /* Contents */,
				32E6890229E6836E00050D1A /* Header */,
			);
			path = Section;
			sourceTree = "<group>";
		};
		32E6890229E6836E00050D1A /* Header */ = {
			isa = PBXGroup;
			children = (
				32E6890429E6838900050D1A /* RankingHeaderSection.swift */,
			);
			path = Header;
			sourceTree = "<group>";
		};
		32E6890329E6837400050D1A /* Contents */ = {
			isa = PBXGroup;
			children = (
				32E6890629E6870800050D1A /* RankingContentsSection.swift */,
			);
			path = Contents;
			sourceTree = "<group>";
		};
		32F4833A29B631A50015C904 /* Section */ = {
			isa = PBXGroup;
			children = (
				32CE729229D0345C00B8C56E /* Contents */,
				32CE729129D0344700B8C56E /* Header */,
			);
			path = Section;
			sourceTree = "<group>";
		};
		32F5636B2A078D1D009EAF0A /* Section */ = {
			isa = PBXGroup;
			children = (
				324232AE2A0B8E7F009A0245 /* Review */,
				32F5636C2A078D4B009EAF0A /* Header */,
			);
			path = Section;
			sourceTree = "<group>";
		};
		32F5636C2A078D4B009EAF0A /* Header */ = {
			isa = PBXGroup;
			children = (
				32F5636D2A078D59009EAF0A /* MyHeaderSection.swift */,
				32F5636F2A07B3D7009EAF0A /* MyHeaderGenreView.swift */,
			);
			path = Header;
			sourceTree = "<group>";
		};
		32FD19A72A517A22007398EA /* ViewModel */ = {
			isa = PBXGroup;
			children = (
				32FD19A82A517A67007398EA /* DetailReviewViewModel.swift */,
			);
			path = ViewModel;
			sourceTree = "<group>";
		};
		32FD19AA2A517B3E007398EA /* Review */ = {
			isa = PBXGroup;
			children = (
				32FD19AB2A517B48007398EA /* ReviewListModel.swift */,
			);
			path = Review;
			sourceTree = "<group>";
		};
		8C05725E0BB6370BAF241FBE /* Frameworks */ = {
			isa = PBXGroup;
			children = (
				F0752B8B7C79CAC9193A9E3F /* Pods_Commentoon.framework */,
			);
			name = Frameworks;
			sourceTree = "<group>";
		};
		C11FB373E6E14F418F56AC36 /* Pods */ = {
			isa = PBXGroup;
			children = (
				190060999163E71BA7A15661 /* Pods-Commentoon.debug.xcconfig */,
				15E6A71CA424340A73E52CE0 /* Pods-Commentoon.release.xcconfig */,
			);
			path = Pods;
			sourceTree = "<group>";
		};
/* End PBXGroup section */

/* Begin PBXNativeTarget section */
		32207685298A6C7E00C9BDDE /* Commentoon */ = {
			isa = PBXNativeTarget;
			buildConfigurationList = 32207694298A6C7F00C9BDDE /* Build configuration list for PBXNativeTarget "Commentoon" */;
			buildPhases = (
				D6F41725B50DDC2B936D3013 /* [CP] Check Pods Manifest.lock */,
				32207682298A6C7E00C9BDDE /* Sources */,
				32207683298A6C7E00C9BDDE /* Frameworks */,
				32207684298A6C7E00C9BDDE /* Resources */,
				4C255772203BC1D6E64E37EC /* [CP] Embed Pods Frameworks */,
				32996BF32A149DCE00684DA5 /* Run SwiftGen */,
			);
			buildRules = (
			);
			dependencies = (
			);
			name = Commentoon;
			productName = Commentoon;
			productReference = 32207686298A6C7E00C9BDDE /* Commentoon.app */;
			productType = "com.apple.product-type.application";
		};
/* End PBXNativeTarget section */

/* Begin PBXProject section */
		3220767E298A6C7E00C9BDDE /* Project object */ = {
			isa = PBXProject;
			attributes = {
				BuildIndependentTargetsInParallel = 1;
				LastSwiftUpdateCheck = 1410;
				LastUpgradeCheck = 1410;
				TargetAttributes = {
					32207685298A6C7E00C9BDDE = {
						CreatedOnToolsVersion = 14.1;
					};
				};
			};
			buildConfigurationList = 32207681298A6C7E00C9BDDE /* Build configuration list for PBXProject "Commentoon" */;
			compatibilityVersion = "Xcode 14.0";
			developmentRegion = en;
			hasScannedForEncodings = 0;
			knownRegions = (
				en,
				Base,
			);
			mainGroup = 3220767D298A6C7E00C9BDDE;
			productRefGroup = 32207687298A6C7E00C9BDDE /* Products */;
			projectDirPath = "";
			projectRoot = "";
			targets = (
				32207685298A6C7E00C9BDDE /* Commentoon */,
			);
		};
/* End PBXProject section */

/* Begin PBXResourcesBuildPhase section */
		32207684298A6C7E00C9BDDE /* Resources */ = {
			isa = PBXResourcesBuildPhase;
			buildActionMask = 2147483647;
			files = (
				32207691298A6C7F00C9BDDE /* Preview Assets.xcassets in Resources */,
				32A4EF6A2A30A28C00A289BE /* APIList.plist in Resources */,
				322076AF298AB92D00C9BDDE /* Color.xcassets in Resources */,
				3220768E298A6C7F00C9BDDE /* Assets.xcassets in Resources */,
				322076AD298A805300C9BDDE /* Image.xcassets in Resources */,
			);
			runOnlyForDeploymentPostprocessing = 0;
		};
/* End PBXResourcesBuildPhase section */

/* Begin PBXShellScriptBuildPhase section */
		32996BF32A149DCE00684DA5 /* Run SwiftGen */ = {
			isa = PBXShellScriptBuildPhase;
			buildActionMask = 2147483647;
			files = (
			);
			inputFileListPaths = (
			);
			inputPaths = (
			);
			name = "Run SwiftGen";
			outputFileListPaths = (
			);
			outputPaths = (
			);
			runOnlyForDeploymentPostprocessing = 0;
			shellPath = /bin/sh;
			shellScript = "# Type a script or drag a script file from your workspace to insert its path.\nif which swiftgen >/dev/null; then\n  swiftgen config run\nelse\n  echo \"warning: SwiftGen not installed, download it from https://github.com/SwiftGen/SwiftGen\"\nfi\n";
		};
		4C255772203BC1D6E64E37EC /* [CP] Embed Pods Frameworks */ = {
			isa = PBXShellScriptBuildPhase;
			buildActionMask = 2147483647;
			files = (
			);
			inputFileListPaths = (
				"${PODS_ROOT}/Target Support Files/Pods-Commentoon/Pods-Commentoon-frameworks-${CONFIGURATION}-input-files.xcfilelist",
			);
			name = "[CP] Embed Pods Frameworks";
			outputFileListPaths = (
				"${PODS_ROOT}/Target Support Files/Pods-Commentoon/Pods-Commentoon-frameworks-${CONFIGURATION}-output-files.xcfilelist",
			);
			runOnlyForDeploymentPostprocessing = 0;
			shellPath = /bin/sh;
			shellScript = "\"${PODS_ROOT}/Target Support Files/Pods-Commentoon/Pods-Commentoon-frameworks.sh\"\n";
			showEnvVarsInLog = 0;
		};
		D6F41725B50DDC2B936D3013 /* [CP] Check Pods Manifest.lock */ = {
			isa = PBXShellScriptBuildPhase;
			buildActionMask = 2147483647;
			files = (
			);
			inputFileListPaths = (
			);
			inputPaths = (
				"${PODS_PODFILE_DIR_PATH}/Podfile.lock",
				"${PODS_ROOT}/Manifest.lock",
			);
			name = "[CP] Check Pods Manifest.lock";
			outputFileListPaths = (
			);
			outputPaths = (
				"$(DERIVED_FILE_DIR)/Pods-Commentoon-checkManifestLockResult.txt",
			);
			runOnlyForDeploymentPostprocessing = 0;
			shellPath = /bin/sh;
			shellScript = "diff \"${PODS_PODFILE_DIR_PATH}/Podfile.lock\" \"${PODS_ROOT}/Manifest.lock\" > /dev/null\nif [ $? != 0 ] ; then\n    # print error to STDERR\n    echo \"error: The sandbox is not in sync with the Podfile.lock. Run 'pod install' or update your CocoaPods installation.\" >&2\n    exit 1\nfi\n# This output is used by Xcode 'outputs' to avoid re-running this script phase.\necho \"SUCCESS\" > \"${SCRIPT_OUTPUT_FILE_0}\"\n";
			showEnvVarsInLog = 0;
		};
/* End PBXShellScriptBuildPhase section */

/* Begin PBXSourcesBuildPhase section */
		32207682298A6C7E00C9BDDE /* Sources */ = {
			isa = PBXSourcesBuildPhase;
			buildActionMask = 2147483647;
			files = (
				3230BF972A3315FC00C90002 /* StarRatingView.swift in Sources */,
				32A4EF682A30A16D00A289BE /* APIManager.swift in Sources */,
				322076AA298A7E5B00C9BDDE /* MyView.swift in Sources */,
				32B97A4729D001750003AE29 /* HomeHeaderSection.swift in Sources */,
				3230BF932A33119600C90002 /* DetailWorkScoreSectionHeaderView.swift in Sources */,
				32E6890729E6870800050D1A /* RankingContentsSection.swift in Sources */,
				32B225842A42BD5700C649D4 /* KFImageView.swift in Sources */,
				325B473E2A3A06C500B7934C /* DetailWorkMyReviewTitleView.swift in Sources */,
				3220768C298A6C7E00C9BDDE /* ContentView.swift in Sources */,
				32996BFA2A14CBE900684DA5 /* DetailWorkHeaderSection.swift in Sources */,
				32B225892A42E86A00C649D4 /* LoginView.swift in Sources */,
				32F5636E2A078D59009EAF0A /* MyHeaderSection.swift in Sources */,
				32996BF62A14A3CA00684DA5 /* Asset+Generated.swift in Sources */,
				3293F1682A4C18860052499E /* DetailReviewView.swift in Sources */,
				32FD19A92A517A67007398EA /* DetailReviewViewModel.swift in Sources */,
				325B473C2A39FB2D00B7934C /* DetailWorkReviewItemView.swift in Sources */,
				32E6890529E6838900050D1A /* RankingHeaderSection.swift in Sources */,
				324232B02A0B8E8B009A0245 /* MyReviewSection.swift in Sources */,
				322076A6298A7E4E00C9BDDE /* RankingView.swift in Sources */,
				32CE729429D0348000B8C56E /* HomeContentsSection.swift in Sources */,
				324232AD2A0B8AF0009A0245 /* CommonSectionHeaderView.swift in Sources */,
				3220768A298A6C7E00C9BDDE /* CommentoonApp.swift in Sources */,
				324232B22A0B8EA5009A0245 /* MyReviewItemView.swift in Sources */,
				3230BF952A33131F00C90002 /* DetailWorkScoreSection.swift in Sources */,
				322076A8298A7E5400C9BDDE /* SearchView.swift in Sources */,
				32B97A4029CFD5700003AE29 /* TabbarView.swift in Sources */,
				3293F16B2A4C19170052499E /* DetailReviewReviewItemView.swift in Sources */,
				322076A1298A7DD000C9BDDE /* HomeView.swift in Sources */,
				32F563702A07B3D7009EAF0A /* MyHeaderGenreView.swift in Sources */,
				32B97A4229CFDB9A0003AE29 /* Color.swift in Sources */,
				3230BF992A33228800C90002 /* GraphView.swift in Sources */,
				32996BF22A1470D200684DA5 /* DetailWorkView.swift in Sources */,
				323ECEBF2A41A78D00E3650A /* DetailWorkViewModel.swift in Sources */,
				32B97A4529CFF6C00003AE29 /* KeyWindow+.swift in Sources */,
				32CE729629D034A700B8C56E /* HomeContentsItemView.swift in Sources */,
				32207699298A72C000C9BDDE /* SplashView.swift in Sources */,
				32B2258B2A42E93C00C649D4 /* KakaoLoginButton.swift in Sources */,
				3293F16F2A4C19770052499E /* DetailReviewCommentItemView.swift in Sources */,
				323ECEC32A41A8B700E3650A /* ProductModel.swift in Sources */,
				32FD19AC2A517B48007398EA /* ReviewListModel.swift in Sources */,
			);
			runOnlyForDeploymentPostprocessing = 0;
		};
/* End PBXSourcesBuildPhase section */

/* Begin XCBuildConfiguration section */
		32207692298A6C7F00C9BDDE /* Debug */ = {
			isa = XCBuildConfiguration;
			buildSettings = {
				ALWAYS_SEARCH_USER_PATHS = NO;
				CLANG_ANALYZER_NONNULL = YES;
				CLANG_ANALYZER_NUMBER_OBJECT_CONVERSION = YES_AGGRESSIVE;
				CLANG_CXX_LANGUAGE_STANDARD = "gnu++20";
				CLANG_ENABLE_MODULES = YES;
				CLANG_ENABLE_OBJC_ARC = YES;
				CLANG_ENABLE_OBJC_WEAK = YES;
				CLANG_WARN_BLOCK_CAPTURE_AUTORELEASING = YES;
				CLANG_WARN_BOOL_CONVERSION = YES;
				CLANG_WARN_COMMA = YES;
				CLANG_WARN_CONSTANT_CONVERSION = YES;
				CLANG_WARN_DEPRECATED_OBJC_IMPLEMENTATIONS = YES;
				CLANG_WARN_DIRECT_OBJC_ISA_USAGE = YES_ERROR;
				CLANG_WARN_DOCUMENTATION_COMMENTS = YES;
				CLANG_WARN_EMPTY_BODY = YES;
				CLANG_WARN_ENUM_CONVERSION = YES;
				CLANG_WARN_INFINITE_RECURSION = YES;
				CLANG_WARN_INT_CONVERSION = YES;
				CLANG_WARN_NON_LITERAL_NULL_CONVERSION = YES;
				CLANG_WARN_OBJC_IMPLICIT_RETAIN_SELF = YES;
				CLANG_WARN_OBJC_LITERAL_CONVERSION = YES;
				CLANG_WARN_OBJC_ROOT_CLASS = YES_ERROR;
				CLANG_WARN_QUOTED_INCLUDE_IN_FRAMEWORK_HEADER = YES;
				CLANG_WARN_RANGE_LOOP_ANALYSIS = YES;
				CLANG_WARN_STRICT_PROTOTYPES = YES;
				CLANG_WARN_SUSPICIOUS_MOVE = YES;
				CLANG_WARN_UNGUARDED_AVAILABILITY = YES_AGGRESSIVE;
				CLANG_WARN_UNREACHABLE_CODE = YES;
				CLANG_WARN__DUPLICATE_METHOD_MATCH = YES;
				COPY_PHASE_STRIP = NO;
				DEBUG_INFORMATION_FORMAT = dwarf;
				ENABLE_STRICT_OBJC_MSGSEND = YES;
				ENABLE_TESTABILITY = YES;
				GCC_C_LANGUAGE_STANDARD = gnu11;
				GCC_DYNAMIC_NO_PIC = NO;
				GCC_NO_COMMON_BLOCKS = YES;
				GCC_OPTIMIZATION_LEVEL = 0;
				GCC_PREPROCESSOR_DEFINITIONS = (
					"DEBUG=1",
					"$(inherited)",
				);
				GCC_WARN_64_TO_32_BIT_CONVERSION = YES;
				GCC_WARN_ABOUT_RETURN_TYPE = YES_ERROR;
				GCC_WARN_UNDECLARED_SELECTOR = YES;
				GCC_WARN_UNINITIALIZED_AUTOS = YES_AGGRESSIVE;
				GCC_WARN_UNUSED_FUNCTION = YES;
				GCC_WARN_UNUSED_VARIABLE = YES;
				IPHONEOS_DEPLOYMENT_TARGET = 16.0;
				MTL_ENABLE_DEBUG_INFO = INCLUDE_SOURCE;
				MTL_FAST_MATH = YES;
				ONLY_ACTIVE_ARCH = YES;
				SDKROOT = iphoneos;
				SWIFT_ACTIVE_COMPILATION_CONDITIONS = DEBUG;
				SWIFT_OPTIMIZATION_LEVEL = "-Onone";
			};
			name = Debug;
		};
		32207693298A6C7F00C9BDDE /* Release */ = {
			isa = XCBuildConfiguration;
			buildSettings = {
				ALWAYS_SEARCH_USER_PATHS = NO;
				CLANG_ANALYZER_NONNULL = YES;
				CLANG_ANALYZER_NUMBER_OBJECT_CONVERSION = YES_AGGRESSIVE;
				CLANG_CXX_LANGUAGE_STANDARD = "gnu++20";
				CLANG_ENABLE_MODULES = YES;
				CLANG_ENABLE_OBJC_ARC = YES;
				CLANG_ENABLE_OBJC_WEAK = YES;
				CLANG_WARN_BLOCK_CAPTURE_AUTORELEASING = YES;
				CLANG_WARN_BOOL_CONVERSION = YES;
				CLANG_WARN_COMMA = YES;
				CLANG_WARN_CONSTANT_CONVERSION = YES;
				CLANG_WARN_DEPRECATED_OBJC_IMPLEMENTATIONS = YES;
				CLANG_WARN_DIRECT_OBJC_ISA_USAGE = YES_ERROR;
				CLANG_WARN_DOCUMENTATION_COMMENTS = YES;
				CLANG_WARN_EMPTY_BODY = YES;
				CLANG_WARN_ENUM_CONVERSION = YES;
				CLANG_WARN_INFINITE_RECURSION = YES;
				CLANG_WARN_INT_CONVERSION = YES;
				CLANG_WARN_NON_LITERAL_NULL_CONVERSION = YES;
				CLANG_WARN_OBJC_IMPLICIT_RETAIN_SELF = YES;
				CLANG_WARN_OBJC_LITERAL_CONVERSION = YES;
				CLANG_WARN_OBJC_ROOT_CLASS = YES_ERROR;
				CLANG_WARN_QUOTED_INCLUDE_IN_FRAMEWORK_HEADER = YES;
				CLANG_WARN_RANGE_LOOP_ANALYSIS = YES;
				CLANG_WARN_STRICT_PROTOTYPES = YES;
				CLANG_WARN_SUSPICIOUS_MOVE = YES;
				CLANG_WARN_UNGUARDED_AVAILABILITY = YES_AGGRESSIVE;
				CLANG_WARN_UNREACHABLE_CODE = YES;
				CLANG_WARN__DUPLICATE_METHOD_MATCH = YES;
				COPY_PHASE_STRIP = NO;
				DEBUG_INFORMATION_FORMAT = "dwarf-with-dsym";
				ENABLE_NS_ASSERTIONS = NO;
				ENABLE_STRICT_OBJC_MSGSEND = YES;
				GCC_C_LANGUAGE_STANDARD = gnu11;
				GCC_NO_COMMON_BLOCKS = YES;
				GCC_WARN_64_TO_32_BIT_CONVERSION = YES;
				GCC_WARN_ABOUT_RETURN_TYPE = YES_ERROR;
				GCC_WARN_UNDECLARED_SELECTOR = YES;
				GCC_WARN_UNINITIALIZED_AUTOS = YES_AGGRESSIVE;
				GCC_WARN_UNUSED_FUNCTION = YES;
				GCC_WARN_UNUSED_VARIABLE = YES;
				IPHONEOS_DEPLOYMENT_TARGET = 16.0;
				MTL_ENABLE_DEBUG_INFO = NO;
				MTL_FAST_MATH = YES;
				SDKROOT = iphoneos;
				SWIFT_COMPILATION_MODE = wholemodule;
				SWIFT_OPTIMIZATION_LEVEL = "-O";
				VALIDATE_PRODUCT = YES;
			};
			name = Release;
		};
		32207695298A6C7F00C9BDDE /* Debug */ = {
			isa = XCBuildConfiguration;
			baseConfigurationReference = 190060999163E71BA7A15661 /* Pods-Commentoon.debug.xcconfig */;
			buildSettings = {
				ASSETCATALOG_COMPILER_APPICON_NAME = AppIcon;
				ASSETCATALOG_COMPILER_GLOBAL_ACCENT_COLOR_NAME = AccentColor;
				CODE_SIGN_STYLE = Automatic;
				CURRENT_PROJECT_VERSION = 1;
				DEVELOPMENT_ASSET_PATHS = "\"Commentoon/Preview Content\"";
				DEVELOPMENT_TEAM = 6UWSFQ86Y6;
				ENABLE_PREVIEWS = YES;
				GENERATE_INFOPLIST_FILE = YES;
				INFOPLIST_FILE = Commentoon/Info.plist;
				INFOPLIST_KEY_UIApplicationSceneManifest_Generation = YES;
				INFOPLIST_KEY_UIApplicationSupportsIndirectInputEvents = YES;
				INFOPLIST_KEY_UILaunchScreen_Generation = YES;
				INFOPLIST_KEY_UISupportedInterfaceOrientations_iPad = "UIInterfaceOrientationPortrait UIInterfaceOrientationPortraitUpsideDown UIInterfaceOrientationLandscapeLeft UIInterfaceOrientationLandscapeRight";
				INFOPLIST_KEY_UISupportedInterfaceOrientations_iPhone = "UIInterfaceOrientationPortrait UIInterfaceOrientationLandscapeLeft UIInterfaceOrientationLandscapeRight";
				LD_RUNPATH_SEARCH_PATHS = (
					"$(inherited)",
					"@executable_path/Frameworks",
				);
				MARKETING_VERSION = 1.0;
				PRODUCT_BUNDLE_IDENTIFIER = com.withNoobs.Commentoon;
				PRODUCT_NAME = "$(TARGET_NAME)";
				SWIFT_EMIT_LOC_STRINGS = YES;
				SWIFT_VERSION = 5.0;
				TARGETED_DEVICE_FAMILY = "1,2";
			};
			name = Debug;
		};
		32207696298A6C7F00C9BDDE /* Release */ = {
			isa = XCBuildConfiguration;
			baseConfigurationReference = 15E6A71CA424340A73E52CE0 /* Pods-Commentoon.release.xcconfig */;
			buildSettings = {
				ASSETCATALOG_COMPILER_APPICON_NAME = AppIcon;
				ASSETCATALOG_COMPILER_GLOBAL_ACCENT_COLOR_NAME = AccentColor;
				CODE_SIGN_STYLE = Automatic;
				CURRENT_PROJECT_VERSION = 1;
				DEVELOPMENT_ASSET_PATHS = "\"Commentoon/Preview Content\"";
				DEVELOPMENT_TEAM = 6UWSFQ86Y6;
				ENABLE_PREVIEWS = YES;
				GENERATE_INFOPLIST_FILE = YES;
				INFOPLIST_FILE = Commentoon/Info.plist;
				INFOPLIST_KEY_UIApplicationSceneManifest_Generation = YES;
				INFOPLIST_KEY_UIApplicationSupportsIndirectInputEvents = YES;
				INFOPLIST_KEY_UILaunchScreen_Generation = YES;
				INFOPLIST_KEY_UISupportedInterfaceOrientations_iPad = "UIInterfaceOrientationPortrait UIInterfaceOrientationPortraitUpsideDown UIInterfaceOrientationLandscapeLeft UIInterfaceOrientationLandscapeRight";
				INFOPLIST_KEY_UISupportedInterfaceOrientations_iPhone = "UIInterfaceOrientationPortrait UIInterfaceOrientationLandscapeLeft UIInterfaceOrientationLandscapeRight";
				LD_RUNPATH_SEARCH_PATHS = (
					"$(inherited)",
					"@executable_path/Frameworks",
				);
				MARKETING_VERSION = 1.0;
				PRODUCT_BUNDLE_IDENTIFIER = com.withNoobs.Commentoon;
				PRODUCT_NAME = "$(TARGET_NAME)";
				SWIFT_EMIT_LOC_STRINGS = YES;
				SWIFT_VERSION = 5.0;
				TARGETED_DEVICE_FAMILY = "1,2";
			};
			name = Release;
		};
/* End XCBuildConfiguration section */

/* Begin XCConfigurationList section */
		32207681298A6C7E00C9BDDE /* Build configuration list for PBXProject "Commentoon" */ = {
			isa = XCConfigurationList;
			buildConfigurations = (
				32207692298A6C7F00C9BDDE /* Debug */,
				32207693298A6C7F00C9BDDE /* Release */,
			);
			defaultConfigurationIsVisible = 0;
			defaultConfigurationName = Release;
		};
		32207694298A6C7F00C9BDDE /* Build configuration list for PBXNativeTarget "Commentoon" */ = {
			isa = XCConfigurationList;
			buildConfigurations = (
				32207695298A6C7F00C9BDDE /* Debug */,
				32207696298A6C7F00C9BDDE /* Release */,
			);
			defaultConfigurationIsVisible = 0;
			defaultConfigurationName = Release;
		};
/* End XCConfigurationList section */
	};
	rootObject = 3220767E298A6C7E00C9BDDE /* Project object */;
}
